
Microsoft Visual Studio Solution File, Format Version 12.00
# Visual Studio 15
VisualStudioVersion = 15.0.26730.12
MinimumVisualStudioVersion = 10.0.40219.1
Project("{FAE04EC0-301F-11D3-BF4B-00C04F79EFBC}") = "MissionSite", "MissionSite\MissionSite.csproj", "{D21ABBB7-9185-4756-9E10-8C7540A6D62B}"
EndProject
Global
	GlobalSection(SolutionConfigurationPlatforms) = preSolution
		Debug|Any CPU = Debug|Any CPU
		Release|Any CPU = Release|Any CPU
	EndGlobalSection
	GlobalSection(ProjectConfigurationPlatforms) = postSolution
		{D21ABBB7-9185-4756-9E10-8C7540A6D62B}.Debug|Any CPU.ActiveCfg = Debug|Any CPU
		{D21ABBB7-9185-4756-9E10-8C7540A6D62B}.Debug|Any CPU.Build.0 = Debug|Any CPU
		{D21ABBB7-9185-4756-9E10-8C7540A6D62B}.Release|Any CPU.ActiveCfg = Release|Any CPU
		{D21ABBB7-9185-4756-9E10-8C7540A6D62B}.Release|Any CPU.Build.0 = Release|Any CPU
	EndGlobalSection
	GlobalSection(SolutionProperties) = preSolution
		HideSolutionNode = FALSE
	EndGlobalSection
	GlobalSection(ExtensibilityGlobals) = postSolution
		SolutionGuid = {C3ADAC47-2593-4481-A61F-969B139D9622}
	EndGlobalSection
EndGlobal
